
Microsoft Visual Studio Solution File, Format Version 12.00
# Visual Studio Version 17
VisualStudioVersion = 17.13.35913.81
MinimumVisualStudioVersion = 10.0.40219.1
Project("{FAE04EC0-301F-11D3-BF4B-00C04F79EFBC}") = "GestionInventario", "GestionInventario\GestionInventario.csproj", "{A9A98C0B-4CAE-40E7-97B8-C49C42C01814}"
EndProject
Global
	GlobalSection(SolutionConfigurationPlatforms) = preSolution
		Debug|Any CPU = Debug|Any CPU
		Release|Any CPU = Release|Any CPU
	EndGlobalSection
	GlobalSection(ProjectConfigurationPlatforms) = postSolution
		{A9A98C0B-4CAE-40E7-97B8-C49C42C01814}.Debug|Any CPU.ActiveCfg = Debug|Any CPU
		{A9A98C0B-4CAE-40E7-97B8-C49C42C01814}.Debug|Any CPU.Build.0 = Debug|Any CPU
		{A9A98C0B-4CAE-40E7-97B8-C49C42C01814}.Release|Any CPU.ActiveCfg = Release|Any CPU
		{A9A98C0B-4CAE-40E7-97B8-C49C42C01814}.Release|Any CPU.Build.0 = Release|Any CPU
	EndGlobalSection
	GlobalSection(SolutionProperties) = preSolution
		HideSolutionNode = FALSE
	EndGlobalSection
	GlobalSection(ExtensibilityGlobals) = postSolution
		SolutionGuid = {8631AA55-FCE3-4637-A8F1-E27DF1FF0C89}
	EndGlobalSection
EndGlobal
